
Microsoft Visual Studio Solution File, Format Version 12.00
# Visual Studio Version 16
VisualStudioVersion = 16.0.28714.193
MinimumVisualStudioVersion = 10.0.40219.1
Project("{9A19103F-16F7-4668-BE54-9A1E7A4F7556}") = "BrickWars.Core", "src\BrickWars.Core\BrickWars.Core.csproj", "{F71A9E56-948C-4BA5-B53C-B96065DC0BED}"
EndProject
Project("{9A19103F-16F7-4668-BE54-9A1E7A4F7556}") = "BrickWars.UI", "src\BrickWars.UI\BrickWars.UI.csproj", "{BB367402-7B79-412F-BEFB-68048B253923}"
EndProject
Project("{FAE04EC0-301F-11D3-BF4B-00C04F79EFBC}") = "BrickWars.Droid", "src\BrickWars.Droid\BrickWars.Droid.csproj", "{7738F3F6-DC21-4851-9B41-FB563C5A5C86}"
EndProject
Global
	GlobalSection(SolutionConfigurationPlatforms) = preSolution
		Debug|Any CPU = Debug|Any CPU
		Debug|ARM = Debug|ARM
		Debug|iPhone = Debug|iPhone
		Debug|iPhoneSimulator = Debug|iPhoneSimulator
		Debug|x64 = Debug|x64
		Debug|x86 = Debug|x86
		Release|Any CPU = Release|Any CPU
		Release|ARM = Release|ARM
		Release|iPhone = Release|iPhone
		Release|iPhoneSimulator = Release|iPhoneSimulator
		Release|x64 = Release|x64
		Release|x86 = Release|x86
	EndGlobalSection
	GlobalSection(ProjectConfigurationPlatforms) = postSolution
		{F71A9E56-948C-4BA5-B53C-B96065DC0BED}.Debug|Any CPU.ActiveCfg = Debug|Any CPU
		{F71A9E56-948C-4BA5-B53C-B96065DC0BED}.Debug|Any CPU.Build.0 = Debug|Any CPU
		{F71A9E56-948C-4BA5-B53C-B96065DC0BED}.Debug|ARM.ActiveCfg = Debug|Any CPU
		{F71A9E56-948C-4BA5-B53C-B96065DC0BED}.Debug|ARM.Build.0 = Debug|Any CPU
		{F71A9E56-948C-4BA5-B53C-B96065DC0BED}.Debug|iPhone.ActiveCfg = Debug|Any CPU
		{F71A9E56-948C-4BA5-B53C-B96065DC0BED}.Debug|iPhone.Build.0 = Debug|Any CPU
		{F71A9E56-948C-4BA5-B53C-B96065DC0BED}.Debug|iPhoneSimulator.ActiveCfg = Debug|Any CPU
		{F71A9E56-948C-4BA5-B53C-B96065DC0BED}.Debug|iPhoneSimulator.Build.0 = Debug|Any CPU
		{F71A9E56-948C-4BA5-B53C-B96065DC0BED}.Debug|x64.ActiveCfg = Debug|Any CPU
		{F71A9E56-948C-4BA5-B53C-B96065DC0BED}.Debug|x64.Build.0 = Debug|Any CPU
		{F71A9E56-948C-4BA5-B53C-B96065DC0BED}.Debug|x86.ActiveCfg = Debug|Any CPU
		{F71A9E56-948C-4BA5-B53C-B96065DC0BED}.Debug|x86.Build.0 = Debug|Any CPU
		{F71A9E56-948C-4BA5-B53C-B96065DC0BED}.Release|Any CPU.ActiveCfg = Release|Any CPU
		{F71A9E56-948C-4BA5-B53C-B96065DC0BED}.Release|Any CPU.Build.0 = Release|Any CPU
		{F71A9E56-948C-4BA5-B53C-B96065DC0BED}.Release|ARM.ActiveCfg = Release|Any CPU
		{F71A9E56-948C-4BA5-B53C-B96065DC0BED}.Release|ARM.Build.0 = Release|Any CPU
		{F71A9E56-948C-4BA5-B53C-B96065DC0BED}.Release|iPhone.ActiveCfg = Release|Any CPU
		{F71A9E56-948C-4BA5-B53C-B96065DC0BED}.Release|iPhone.Build.0 = Release|Any CPU
		{F71A9E56-948C-4BA5-B53C-B96065DC0BED}.Release|iPhoneSimulator.ActiveCfg = Release|Any CPU
		{F71A9E56-948C-4BA5-B53C-B96065DC0BED}.Release|iPhoneSimulator.Build.0 = Release|Any CPU
		{F71A9E56-948C-4BA5-B53C-B96065DC0BED}.Release|x64.ActiveCfg = Release|Any CPU
		{F71A9E56-948C-4BA5-B53C-B96065DC0BED}.Release|x64.Build.0 = Release|Any CPU
		{F71A9E56-948C-4BA5-B53C-B96065DC0BED}.Release|x86.ActiveCfg = Release|Any CPU
		{F71A9E56-948C-4BA5-B53C-B96065DC0BED}.Release|x86.Build.0 = Release|Any CPU
		{BB367402-7B79-412F-BEFB-68048B253923}.Debug|Any CPU.ActiveCfg = Debug|Any CPU
		{BB367402-7B79-412F-BEFB-68048B253923}.Debug|Any CPU.Build.0 = Debug|Any CPU
		{BB367402-7B79-412F-BEFB-68048B253923}.Debug|ARM.ActiveCfg = Debug|Any CPU
		{BB367402-7B79-412F-BEFB-68048B253923}.Debug|ARM.Build.0 = Debug|Any CPU
		{BB367402-7B79-412F-BEFB-68048B253923}.Debug|iPhone.ActiveCfg = Debug|Any CPU
		{BB367402-7B79-412F-BEFB-68048B253923}.Debug|iPhone.Build.0 = Debug|Any CPU
		{BB367402-7B79-412F-BEFB-68048B253923}.Debug|iPhoneSimulator.ActiveCfg = Debug|Any CPU
		{BB367402-7B79-412F-BEFB-68048B253923}.Debug|iPhoneSimulator.Build.0 = Debug|Any CPU
		{BB367402-7B79-412F-BEFB-68048B253923}.Debug|x64.ActiveCfg = Debug|Any CPU
		{BB367402-7B79-412F-BEFB-68048B253923}.Debug|x64.Build.0 = Debug|Any CPU
		{BB367402-7B79-412F-BEFB-68048B253923}.Debug|x86.ActiveCfg = Debug|Any CPU
		{BB367402-7B79-412F-BEFB-68048B253923}.Debug|x86.Build.0 = Debug|Any CPU
		{BB367402-7B79-412F-BEFB-68048B253923}.Release|Any CPU.ActiveCfg = Release|Any CPU
		{BB367402-7B79-412F-BEFB-68048B253923}.Release|Any CPU.Build.0 = Release|Any CPU
		{BB367402-7B79-412F-BEFB-68048B253923}.Release|ARM.ActiveCfg = Release|Any CPU
		{BB367402-7B79-412F-BEFB-68048B253923}.Release|ARM.Build.0 = Release|Any CPU
		{BB367402-7B79-412F-BEFB-68048B253923}.Release|iPhone.ActiveCfg = Release|Any CPU
		{BB367402-7B79-412F-BEFB-68048B253923}.Release|iPhone.Build.0 = Release|Any CPU
		{BB367402-7B79-412F-BEFB-68048B253923}.Release|iPhoneSimulator.ActiveCfg = Release|Any CPU
		{BB367402-7B79-412F-BEFB-68048B253923}.Release|iPhoneSimulator.Build.0 = Release|Any CPU
		{BB367402-7B79-412F-BEFB-68048B253923}.Release|x64.ActiveCfg = Release|Any CPU
		{BB367402-7B79-412F-BEFB-68048B253923}.Release|x64.Build.0 = Release|Any CPU
		{BB367402-7B79-412F-BEFB-68048B253923}.Release|x86.ActiveCfg = Release|Any CPU
		{BB367402-7B79-412F-BEFB-68048B253923}.Release|x86.Build.0 = Release|Any CPU
		{7738F3F6-DC21-4851-9B41-FB563C5A5C86}.Debug|Any CPU.ActiveCfg = Debug|Any CPU
		{7738F3F6-DC21-4851-9B41-FB563C5A5C86}.Debug|Any CPU.Build.0 = Debug|Any CPU
		{7738F3F6-DC21-4851-9B41-FB563C5A5C86}.Debug|Any CPU.Deploy.0 = Debug|Any CPU
		{7738F3F6-DC21-4851-9B41-FB563C5A5C86}.Debug|ARM.ActiveCfg = Debug|Any CPU
		{7738F3F6-DC21-4851-9B41-FB563C5A5C86}.Debug|ARM.Build.0 = Debug|Any CPU
		{7738F3F6-DC21-4851-9B41-FB563C5A5C86}.Debug|ARM.Deploy.0 = Debug|Any CPU
		{7738F3F6-DC21-4851-9B41-FB563C5A5C86}.Debug|iPhone.ActiveCfg = Debug|Any CPU
		{7738F3F6-DC21-4851-9B41-FB563C5A5C86}.Debug|iPhone.Build.0 = Debug|Any CPU
		{7738F3F6-DC21-4851-9B41-FB563C5A5C86}.Debug|iPhone.Deploy.0 = Debug|Any CPU
		{7738F3F6-DC21-4851-9B41-FB563C5A5C86}.Debug|iPhoneSimulator.ActiveCfg = Debug|Any CPU
		{7738F3F6-DC21-4851-9B41-FB563C5A5C86}.Debug|iPhoneSimulator.Build.0 = Debug|Any CPU
		{7738F3F6-DC21-4851-9B41-FB563C5A5C86}.Debug|iPhoneSimulator.Deploy.0 = Debug|Any CPU
		{7738F3F6-DC21-4851-9B41-FB563C5A5C86}.Debug|x64.ActiveCfg = Debug|Any CPU
		{7738F3F6-DC21-4851-9B41-FB563C5A5C86}.Debug|x64.Build.0 = Debug|Any CPU
		{7738F3F6-DC21-4851-9B41-FB563C5A5C86}.Debug|x64.Deploy.0 = Debug|Any CPU
		{7738F3F6-DC21-4851-9B41-FB563C5A5C86}.Debug|x86.ActiveCfg = Debug|Any CPU
		{7738F3F6-DC21-4851-9B41-FB563C5A5C86}.Debug|x86.Build.0 = Debug|Any CPU
		{7738F3F6-DC21-4851-9B41-FB563C5A5C86}.Debug|x86.Deploy.0 = Debug|Any CPU
		{7738F3F6-DC21-4851-9B41-FB563C5A5C86}.Release|Any CPU.ActiveCfg = Release|Any CPU
		{7738F3F6-DC21-4851-9B41-FB563C5A5C86}.Release|Any CPU.Build.0 = Release|Any CPU
		{7738F3F6-DC21-4851-9B41-FB563C5A5C86}.Release|Any CPU.Deploy.0 = Release|Any CPU
		{7738F3F6-DC21-4851-9B41-FB563C5A5C86}.Release|ARM.ActiveCfg = Release|Any CPU
		{7738F3F6-DC21-4851-9B41-FB563C5A5C86}.Release|ARM.Build.0 = Release|Any CPU
		{7738F3F6-DC21-4851-9B41-FB563C5A5C86}.Release|ARM.Deploy.0 = Release|Any CPU
		{7738F3F6-DC21-4851-9B41-FB563C5A5C86}.Release|iPhone.ActiveCfg = Release|Any CPU
		{7738F3F6-DC21-4851-9B41-FB563C5A5C86}.Release|iPhone.Build.0 = Release|Any CPU
		{7738F3F6-DC21-4851-9B41-FB563C5A5C86}.Release|iPhone.Deploy.0 = Release|Any CPU
		{7738F3F6-DC21-4851-9B41-FB563C5A5C86}.Release|iPhoneSimulator.ActiveCfg = Release|Any CPU
		{7738F3F6-DC21-4851-9B41-FB563C5A5C86}.Release|iPhoneSimulator.Build.0 = Release|Any CPU
		{7738F3F6-DC21-4851-9B41-FB563C5A5C86}.Release|iPhoneSimulator.Deploy.0 = Release|Any CPU
		{7738F3F6-DC21-4851-9B41-FB563C5A5C86}.Release|x64.ActiveCfg = Release|Any CPU
		{7738F3F6-DC21-4851-9B41-FB563C5A5C86}.Release|x64.Build.0 = Release|Any CPU
		{7738F3F6-DC21-4851-9B41-FB563C5A5C86}.Release|x64.Deploy.0 = Release|Any CPU
		{7738F3F6-DC21-4851-9B41-FB563C5A5C86}.Release|x86.ActiveCfg = Release|Any CPU
		{7738F3F6-DC21-4851-9B41-FB563C5A5C86}.Release|x86.Build.0 = Release|Any CPU
		{7738F3F6-DC21-4851-9B41-FB563C5A5C86}.Release|x86.Deploy.0 = Release|Any CPU
	EndGlobalSection
	GlobalSection(SolutionProperties) = preSolution
		HideSolutionNode = FALSE
	EndGlobalSection
	GlobalSection(ExtensibilityGlobals) = postSolution
		SolutionGuid = {256DB3ED-5FA6-40BD-8C50-D218A325FB28}
	EndGlobalSection
EndGlobal
